// !$*UTF8*$!
{
	archiveVersion = 1;
	classes = {
	};
	objectVersion = 50;
	objects = {

/* Begin PBXBuildFile section */
		2FBE3E8E251BDF7000A566FB /* AppDelegate.swift in Sources */ = {isa = PBXBuildFile; fileRef = 2FBE3E8D251BDF7000A566FB /* AppDelegate.swift */; };
		2FBE3E92251BDF7000A566FB /* RepositoriesViewController.swift in Sources */ = {isa = PBXBuildFile; fileRef = 2FBE3E91251BDF7000A566FB /* RepositoriesViewController.swift */; };
		2FBE3E97251BDF7200A566FB /* Assets.xcassets in Resources */ = {isa = PBXBuildFile; fileRef = 2FBE3E96251BDF7200A566FB /* Assets.xcassets */; };
		2FBE3E9A251BDF7200A566FB /* LaunchScreen.storyboard in Resources */ = {isa = PBXBuildFile; fileRef = 2FBE3E98251BDF7200A566FB /* LaunchScreen.storyboard */; };
/* End PBXBuildFile section */

/* Begin PBXFileReference section */
		2FBE3E8A251BDF7000A566FB /* RepoStars.app */ = {isa = PBXFileReference; explicitFileType = wrapper.application; includeInIndex = 0; path = RepoStars.app; sourceTree = BUILT_PRODUCTS_DIR; };
		2FBE3E8D251BDF7000A566FB /* AppDelegate.swift */ = {isa = PBXFileReference; lastKnownFileType = sourcecode.swift; path = AppDelegate.swift; sourceTree = "<group>"; };
		2FBE3E91251BDF7000A566FB /* RepositoriesViewController.swift */ = {isa = PBXFileReference; lastKnownFileType = sourcecode.swift; path = RepositoriesViewController.swift; sourceTree = "<group>"; };
		2FBE3E96251BDF7200A566FB /* Assets.xcassets */ = {isa = PBXFileReference; lastKnownFileType = folder.assetcatalog; path = Assets.xcassets; sourceTree = "<group>"; };
		2FBE3E99251BDF7200A566FB /* Base */ = {isa = PBXFileReference; lastKnownFileType = file.storyboard; name = Base; path = Base.lproj/LaunchScreen.storyboard; sourceTree = "<group>"; };
		2FBE3E9B251BDF7200A566FB /* Info.plist */ = {isa = PBXFileReference; lastKnownFileType = text.plist.xml; path = Info.plist; sourceTree = "<group>"; };
/* End PBXFileReference section */

/* Begin PBXFrameworksBuildPhase section */
		2FBE3E87251BDF7000A566FB /* Frameworks */ = {
			isa = PBXFrameworksBuildPhase;
			buildActionMask = 2147483647;
			files = (
			);
			runOnlyForDeploymentPostprocessing = 0;
		};
/* End PBXFrameworksBuildPhase section */

/* Begin PBXGroup section */
		2FBE3E81251BDF7000A566FB = {
			isa = PBXGroup;
			children = (
				2FBE3E8C251BDF7000A566FB /* RepoStars */,
				2FBE3E8B251BDF7000A566FB /* Products */,
			);
			sourceTree = "<group>";
		};
		2FBE3E8B251BDF7000A566FB /* Products */ = {
			isa = PBXGroup;
			children = (
				2FBE3E8A251BDF7000A566FB /* RepoStars.app */,
			);
			name = Products;
			sourceTree = "<group>";
		};
		2FBE3E8C251BDF7000A566FB /* RepoStars */ = {
			isa = PBXGroup;
			children = (
				2FBE3E8D251BDF7000A566FB /* AppDelegate.swift */,
				2FBE3EA7251BE46B00A566FB /* User Interface */,
				2FBE3EAA251BE4F300A566FB /* Resources */,
				2FBE3EA6251BE42900A566FB /* Supporting Files */,
			);
			path = RepoStars;
			sourceTree = "<group>";
		};
		2FBE3EA6251BE42900A566FB /* Supporting Files */ = {
			isa = PBXGroup;
			children = (
				2FBE3E9B251BDF7200A566FB /* Info.plist */,
			);
			path = "Supporting Files";
			sourceTree = "<group>";
		};
		2FBE3EA7251BE46B00A566FB /* User Interface */ = {
			isa = PBXGroup;
			children = (
				2FBE3EA8251BE47F00A566FB /* List Repositories */,
			);
			path = "User Interface";
			sourceTree = "<group>";
		};
		2FBE3EA8251BE47F00A566FB /* List Repositories */ = {
			isa = PBXGroup;
			children = (
				2FBE3E91251BDF7000A566FB /* RepositoriesViewController.swift */,
			);
			path = "List Repositories";
			sourceTree = "<group>";
		};
		2FBE3EAA251BE4F300A566FB /* Resources */ = {
			isa = PBXGroup;
			children = (
				2FBE3E98251BDF7200A566FB /* LaunchScreen.storyboard */,
				2FBE3E96251BDF7200A566FB /* Assets.xcassets */,
			);
			path = Resources;
			sourceTree = "<group>";
		};
/* End PBXGroup section */

/* Begin PBXNativeTarget section */
		2FBE3E89251BDF7000A566FB /* RepoStars */ = {
			isa = PBXNativeTarget;
			buildConfigurationList = 2FBE3E9E251BDF7200A566FB /* Build configuration list for PBXNativeTarget "RepoStars" */;
			buildPhases = (
				2FBE3E86251BDF7000A566FB /* Sources */,
				2FBE3E87251BDF7000A566FB /* Frameworks */,
				2FBE3E88251BDF7000A566FB /* Resources */,
			);
			buildRules = (
			);
			dependencies = (
			);
			name = RepoStars;
			productName = RepoStars;
			productReference = 2FBE3E8A251BDF7000A566FB /* RepoStars.app */;
			productType = "com.apple.product-type.application";
		};
/* End PBXNativeTarget section */

/* Begin PBXProject section */
		2FBE3E82251BDF7000A566FB /* Project object */ = {
			isa = PBXProject;
			attributes = {
				LastSwiftUpdateCheck = 1200;
				LastUpgradeCheck = 1200;
				TargetAttributes = {
					2FBE3E89251BDF7000A566FB = {
						CreatedOnToolsVersion = 12.0;
					};
				};
			};
			buildConfigurationList = 2FBE3E85251BDF7000A566FB /* Build configuration list for PBXProject "RepoStars" */;
			compatibilityVersion = "Xcode 9.3";
			developmentRegion = en;
			hasScannedForEncodings = 0;
			knownRegions = (
				en,
				Base,
			);
			mainGroup = 2FBE3E81251BDF7000A566FB;
			productRefGroup = 2FBE3E8B251BDF7000A566FB /* Products */;
			projectDirPath = "";
			projectRoot = "";
			targets = (
				2FBE3E89251BDF7000A566FB /* RepoStars */,
			);
		};
/* End PBXProject section */

/* Begin PBXResourcesBuildPhase section */
		2FBE3E88251BDF7000A566FB /* Resources */ = {
			isa = PBXResourcesBuildPhase;
			buildActionMask = 2147483647;
			files = (
				2FBE3E9A251BDF7200A566FB /* LaunchScreen.storyboard in Resources */,
				2FBE3E97251BDF7200A566FB /* Assets.xcassets in Resources */,
			);
			runOnlyForDeploymentPostprocessing = 0;
		};
/* End PBXResourcesBuildPhase section */

/* Begin PBXSourcesBuildPhase section */
		2FBE3E86251BDF7000A566FB /* Sources */ = {
			isa = PBXSourcesBuildPhase;
			buildActionMask = 2147483647;
			files = (
				2FBE3E92251BDF7000A566FB /* RepositoriesViewController.swift in Sources */,
				2FBE3E8E251BDF7000A566FB /* AppDelegate.swift in Sources */,
			);
			runOnlyForDeploymentPostprocessing = 0;
		};
/* End PBXSourcesBuildPhase section */

/* Begin PBXVariantGroup section */
		2FBE3E98251BDF7200A566FB /* LaunchScreen.storyboard */ = {
			isa = PBXVariantGroup;
			children = (
				2FBE3E99251BDF7200A566FB /* Base */,
			);
			name = LaunchScreen.storyboard;
			sourceTree = "<group>";
		};
/* End PBXVariantGroup section */

/* Begin XCBuildConfiguration section */
		2FBE3E9C251BDF7200A566FB /* Debug */ = {
			isa = XCBuildConfiguration;
			buildSettings = {
				ALWAYS_SEARCH_USER_PATHS = NO;
				CLANG_ANALYZER_NONNULL = YES;
				CLANG_ANALYZER_NUMBER_OBJECT_CONVERSION = YES_AGGRESSIVE;
				CLANG_CXX_LANGUAGE_STANDARD = "gnu++14";
				CLANG_CXX_LIBRARY = "libc++";
				CLANG_ENABLE_MODULES = YES;
				CLANG_ENABLE_OBJC_ARC = YES;
				CLANG_ENABLE_OBJC_WEAK = YES;
				CLANG_WARN_BLOCK_CAPTURE_AUTORELEASING = YES;
				CLANG_WARN_BOOL_CONVERSION = YES;
				CLANG_WARN_COMMA = YES;
				CLANG_WARN_CONSTANT_CONVERSION = YES;
				CLANG_WARN_DEPRECATED_OBJC_IMPLEMENTATIONS = YES;
				CLANG_WARN_DIRECT_OBJC_ISA_USAGE = YES_ERROR;
				CLANG_WARN_DOCUMENTATION_COMMENTS = YES;
				CLANG_WARN_EMPTY_BODY = YES;
				CLANG_WARN_ENUM_CONVERSION = YES;
				CLANG_WARN_INFINITE_RECURSION = YES;
				CLANG_WARN_INT_CONVERSION = YES;
				CLANG_WARN_NON_LITERAL_NULL_CONVERSION = YES;
				CLANG_WARN_OBJC_IMPLICIT_RETAIN_SELF = YES;
				CLANG_WARN_OBJC_LITERAL_CONVERSION = YES;
				CLANG_WARN_OBJC_ROOT_CLASS = YES_ERROR;
				CLANG_WARN_QUOTED_INCLUDE_IN_FRAMEWORK_HEADER = YES;
				CLANG_WARN_RANGE_LOOP_ANALYSIS = YES;
				CLANG_WARN_STRICT_PROTOTYPES = YES;
				CLANG_WARN_SUSPICIOUS_MOVE = YES;
				CLANG_WARN_UNGUARDED_AVAILABILITY = YES_AGGRESSIVE;
				CLANG_WARN_UNREACHABLE_CODE = YES;
				CLANG_WARN__DUPLICATE_METHOD_MATCH = YES;
				COPY_PHASE_STRIP = NO;
				DEBUG_INFORMATION_FORMAT = dwarf;
				ENABLE_STRICT_OBJC_MSGSEND = YES;
				ENABLE_TESTABILITY = YES;
				GCC_C_LANGUAGE_STANDARD = gnu11;
				GCC_DYNAMIC_NO_PIC = NO;
				GCC_NO_COMMON_BLOCKS = YES;
				GCC_OPTIMIZATION_LEVEL = 0;
				GCC_PREPROCESSOR_DEFINITIONS = (
					"DEBUG=1",
					"$(inherited)",
				);
				GCC_WARN_64_TO_32_BIT_CONVERSION = YES;
				GCC_WARN_ABOUT_RETURN_TYPE = YES_ERROR;
				GCC_WARN_UNDECLARED_SELECTOR = YES;
				GCC_WARN_UNINITIALIZED_AUTOS = YES_AGGRESSIVE;
				GCC_WARN_UNUSED_FUNCTION = YES;
				GCC_WARN_UNUSED_VARIABLE = YES;
				IPHONEOS_DEPLOYMENT_TARGET = 11.0;
				MTL_ENABLE_DEBUG_INFO = INCLUDE_SOURCE;
				MTL_FAST_MATH = YES;
				ONLY_ACTIVE_ARCH = YES;
				SDKROOT = iphoneos;
				SWIFT_ACTIVE_COMPILATION_CONDITIONS = DEBUG;
				SWIFT_OPTIMIZATION_LEVEL = "-Onone";
			};
			name = Debug;
		};
		2FBE3E9D251BDF7200A566FB /* Release */ = {
			isa = XCBuildConfiguration;
			buildSettings = {
				ALWAYS_SEARCH_USER_PATHS = NO;
				CLANG_ANALYZER_NONNULL = YES;
				CLANG_ANALYZER_NUMBER_OBJECT_CONVERSION = YES_AGGRESSIVE;
				CLANG_CXX_LANGUAGE_STANDARD = "gnu++14";
				CLANG_CXX_LIBRARY = "libc++";
				CLANG_ENABLE_MODULES = YES;
				CLANG_ENABLE_OBJC_ARC = YES;
				CLANG_ENABLE_OBJC_WEAK = YES;
				CLANG_WARN_BLOCK_CAPTURE_AUTORELEASING = YES;
				CLANG_WARN_BOOL_CONVERSION = YES;
				CLANG_WARN_COMMA = YES;
				CLANG_WARN_CONSTANT_CONVERSION = YES;
				CLANG_WARN_DEPRECATED_OBJC_IMPLEMENTATIONS = YES;
				CLANG_WARN_DIRECT_OBJC_ISA_USAGE = YES_ERROR;
				CLANG_WARN_DOCUMENTATION_COMMENTS = YES;
				CLANG_WARN_EMPTY_BODY = YES;
				CLANG_WARN_ENUM_CONVERSION = YES;
				CLANG_WARN_INFINITE_RECURSION = YES;
				CLANG_WARN_INT_CONVERSION = YES;
				CLANG_WARN_NON_LITERAL_NULL_CONVERSION = YES;
				CLANG_WARN_OBJC_IMPLICIT_RETAIN_SELF = YES;
				CLANG_WARN_OBJC_LITERAL_CONVERSION = YES;
				CLANG_WARN_OBJC_ROOT_CLASS = YES_ERROR;
				CLANG_WARN_QUOTED_INCLUDE_IN_FRAMEWORK_HEADER = YES;
				CLANG_WARN_RANGE_LOOP_ANALYSIS = YES;
				CLANG_WARN_STRICT_PROTOTYPES = YES;
				CLANG_WARN_SUSPICIOUS_MOVE = YES;
				CLANG_WARN_UNGUARDED_AVAILABILITY = YES_AGGRESSIVE;
				CLANG_WARN_UNREACHABLE_CODE = YES;
				CLANG_WARN__DUPLICATE_METHOD_MATCH = YES;
				COPY_PHASE_STRIP = NO;
				DEBUG_INFORMATION_FORMAT = "dwarf-with-dsym";
				ENABLE_NS_ASSERTIONS = NO;
				ENABLE_STRICT_OBJC_MSGSEND = YES;
				GCC_C_LANGUAGE_STANDARD = gnu11;
				GCC_NO_COMMON_BLOCKS = YES;
				GCC_WARN_64_TO_32_BIT_CONVERSION = YES;
				GCC_WARN_ABOUT_RETURN_TYPE = YES_ERROR;
				GCC_WARN_UNDECLARED_SELECTOR = YES;
				GCC_WARN_UNINITIALIZED_AUTOS = YES_AGGRESSIVE;
				GCC_WARN_UNUSED_FUNCTION = YES;
				GCC_WARN_UNUSED_VARIABLE = YES;
				IPHONEOS_DEPLOYMENT_TARGET = 11.0;
				MTL_ENABLE_DEBUG_INFO = NO;
				MTL_FAST_MATH = YES;
				SDKROOT = iphoneos;
				SWIFT_COMPILATION_MODE = wholemodule;
				SWIFT_OPTIMIZATION_LEVEL = "-O";
				VALIDATE_PRODUCT = YES;
			};
			name = Release;
		};
		2FBE3E9F251BDF7200A566FB /* Debug */ = {
			isa = XCBuildConfiguration;
			buildSettings = {
				ASSETCATALOG_COMPILER_APPICON_NAME = AppIcon;
				ASSETCATALOG_COMPILER_GLOBAL_ACCENT_COLOR_NAME = AccentColor;
				CODE_SIGN_STYLE = Automatic;
				CURRENT_PROJECT_VERSION = 1;
				DEVELOPMENT_TEAM = GQ7ZUC23QT;
				INFOPLIST_FILE = "RepoStars/Supporting Files/Info.plist";
				IPHONEOS_DEPLOYMENT_TARGET = 11.0;
				LD_RUNPATH_SEARCH_PATHS = (
					"$(inherited)",
					"@executable_path/Frameworks",
				);
				MARKETING_VERSION = 1.0.0;
				PRODUCT_BUNDLE_IDENTIFIER = com.amarildolucas.RepoStars;
				PRODUCT_NAME = "$(TARGET_NAME)";
				SWIFT_VERSION = 5.0;
				TARGETED_DEVICE_FAMILY = 1;
			};
			name = Debug;
		};
		2FBE3EA0251BDF7200A566FB /* Release */ = {
			isa = XCBuildConfiguration;
			buildSettings = {
				ASSETCATALOG_COMPILER_APPICON_NAME = AppIcon;
				ASSETCATALOG_COMPILER_GLOBAL_ACCENT_COLOR_NAME = AccentColor;
				CODE_SIGN_STYLE = Automatic;
				CURRENT_PROJECT_VERSION = 1;
				DEVELOPMENT_TEAM = GQ7ZUC23QT;
				INFOPLIST_FILE = "RepoStars/Supporting Files/Info.plist";
				IPHONEOS_DEPLOYMENT_TARGET = 11.0;
				LD_RUNPATH_SEARCH_PATHS = (
					"$(inherited)",
					"@executable_path/Frameworks",
				);
				MARKETING_VERSION = 1.0.0;
				PRODUCT_BUNDLE_IDENTIFIER = com.amarildolucas.RepoStars;
				PRODUCT_NAME = "$(TARGET_NAME)";
				SWIFT_VERSION = 5.0;
				TARGETED_DEVICE_FAMILY = 1;
			};
			name = Release;
		};
/* End XCBuildConfiguration section */

/* Begin XCConfigurationList section */
		2FBE3E85251BDF7000A566FB /* Build configuration list for PBXProject "RepoStars" */ = {
			isa = XCConfigurationList;
			buildConfigurations = (
				2FBE3E9C251BDF7200A566FB /* Debug */,
				2FBE3E9D251BDF7200A566FB /* Release */,
			);
			defaultConfigurationIsVisible = 0;
			defaultConfigurationName = Release;
		};
		2FBE3E9E251BDF7200A566FB /* Build configuration list for PBXNativeTarget "RepoStars" */ = {
			isa = XCConfigurationList;
			buildConfigurations = (
				2FBE3E9F251BDF7200A566FB /* Debug */,
				2FBE3EA0251BDF7200A566FB /* Release */,
			);
			defaultConfigurationIsVisible = 0;
			defaultConfigurationName = Release;
		};
/* End XCConfigurationList section */
	};
	rootObject = 2FBE3E82251BDF7000A566FB /* Project object */;
}
